// !$*UTF8*$!
{
	archiveVersion = 1;
	classes = {
	};
	objectVersion = 56;
	objects = {

/* Begin PBXBuildFile section */
		B707B36B297754F5001DB1E8 /* LoginViewController.swift in Sources */ = {isa = PBXBuildFile; fileRef = B707B36A297754F5001DB1E8 /* LoginViewController.swift */; };
		B707B36D297754FC001DB1E8 /* RegistrationViewController.swift in Sources */ = {isa = PBXBuildFile; fileRef = B707B36C297754FC001DB1E8 /* RegistrationViewController.swift */; };
		B707B36F29775503001DB1E8 /* ForgotPasswordViewControlelr.swift in Sources */ = {isa = PBXBuildFile; fileRef = B707B36E29775503001DB1E8 /* ForgotPasswordViewControlelr.swift */; };
		B707B3722977559F001DB1E8 /* AuthHeaderView.swift in Sources */ = {isa = PBXBuildFile; fileRef = B707B3712977559F001DB1E8 /* AuthHeaderView.swift */; };
		B707B374297755A8001DB1E8 /* CustomAuthButton.swift in Sources */ = {isa = PBXBuildFile; fileRef = B707B373297755A8001DB1E8 /* CustomAuthButton.swift */; };
		B707B376297755B0001DB1E8 /* CustomAuthTextField.swift in Sources */ = {isa = PBXBuildFile; fileRef = B707B375297755B0001DB1E8 /* CustomAuthTextField.swift */; };
		B707B378297756EC001DB1E8 /* logo.png in Resources */ = {isa = PBXBuildFile; fileRef = B707B377297756EC001DB1E8 /* logo.png */; };
		B707B37B29775B4D001DB1E8 /* Validator.swift in Sources */ = {isa = PBXBuildFile; fileRef = B707B37A29775B4D001DB1E8 /* Validator.swift */; };
		B707B37D29775B83001DB1E8 /* AlertManager.swift in Sources */ = {isa = PBXBuildFile; fileRef = B707B37C29775B83001DB1E8 /* AlertManager.swift */; };
		B7136B6B2911D4FB00C6D54E /* FocusEntity in Frameworks */ = {isa = PBXBuildFile; productRef = B7136B6A2911D4FB00C6D54E /* FocusEntity */; };
		B7136B702911D64200C6D54E /* ModelInformationView.swift in Sources */ = {isa = PBXBuildFile; fileRef = B7136B6F2911D64200C6D54E /* ModelInformationView.swift */; };
		B71CFFD42934DD0D005870E2 /* QuizPageViewController.swift in Sources */ = {isa = PBXBuildFile; fileRef = B71CFFD32934DD0D005870E2 /* QuizPageViewController.swift */; };
		B71CFFD729351CC0005870E2 /* Question.swift in Sources */ = {isa = PBXBuildFile; fileRef = B71CFFD629351CC0005870E2 /* Question.swift */; };
		B71CFFD9293520F3005870E2 /* AnatomyModel.swift in Sources */ = {isa = PBXBuildFile; fileRef = B71CFFD8293520F3005870E2 /* AnatomyModel.swift */; };
		B71F902D29AA2F9100A6F94E /* GoogleService-Info.plist in Resources */ = {isa = PBXBuildFile; fileRef = B71F902C29AA2F9100A6F94E /* GoogleService-Info.plist */; };
		B71F902F29AA3CA700A6F94E /* TimerBarButtonItem.swift in Sources */ = {isa = PBXBuildFile; fileRef = B71F902E29AA3CA700A6F94E /* TimerBarButtonItem.swift */; };
		B7302F032911CEBC0018272C /* AppDelegate.swift in Sources */ = {isa = PBXBuildFile; fileRef = B7302F022911CEBC0018272C /* AppDelegate.swift */; };
		B7302F052911CEBC0018272C /* SceneDelegate.swift in Sources */ = {isa = PBXBuildFile; fileRef = B7302F042911CEBC0018272C /* SceneDelegate.swift */; };
		B7302F072911CEBC0018272C /* ARViewController.swift in Sources */ = {isa = PBXBuildFile; fileRef = B7302F062911CEBC0018272C /* ARViewController.swift */; };
		B7302F0C2911CEBD0018272C /* Assets.xcassets in Resources */ = {isa = PBXBuildFile; fileRef = B7302F0B2911CEBD0018272C /* Assets.xcassets */; };
		B7302F0F2911CEBD0018272C /* LaunchScreen.storyboard in Resources */ = {isa = PBXBuildFile; fileRef = B7302F0D2911CEBD0018272C /* LaunchScreen.storyboard */; };
		B73B6B7F29549DA600195D50 /* AREntity.swift in Sources */ = {isa = PBXBuildFile; fileRef = B73B6B7E29549DA600195D50 /* AREntity.swift */; };
		B73B6B8329564F3400195D50 /* ModelInformationButton.swift in Sources */ = {isa = PBXBuildFile; fileRef = B73B6B8229564F3400195D50 /* ModelInformationButton.swift */; };
		B74DF71A293ABBFA001C9643 /* QuestionView.swift in Sources */ = {isa = PBXBuildFile; fileRef = B74DF719293ABBFA001C9643 /* QuestionView.swift */; };
		B74DF71C293B9ABF001C9643 /* CustomAnswerButton.swift in Sources */ = {isa = PBXBuildFile; fileRef = B74DF71B293B9ABF001C9643 /* CustomAnswerButton.swift */; };
		B74DF720293BF0BC001C9643 /* EndOfQuizController.swift in Sources */ = {isa = PBXBuildFile; fileRef = B74DF71F293BF0BC001C9643 /* EndOfQuizController.swift */; };
		B75137BE2994622600ACD3F7 /* EndOfQuizStatLabel.swift in Sources */ = {isa = PBXBuildFile; fileRef = B75137BD2994622600ACD3F7 /* EndOfQuizStatLabel.swift */; };
		B77FCACE2911D3C800E45438 /* Pelvic_Girdle.usdz in Resources */ = {isa = PBXBuildFile; fileRef = B77FCAC42911D3C800E45438 /* Pelvic_Girdle.usdz */; };
		B77FCACF2911D3C800E45438 /* Hand.usdz in Resources */ = {isa = PBXBuildFile; fileRef = B77FCAC52911D3C800E45438 /* Hand.usdz */; };
		B77FCAD02911D3C800E45438 /* Foot.usdz in Resources */ = {isa = PBXBuildFile; fileRef = B77FCAC62911D3C800E45438 /* Foot.usdz */; };
		B77FCAD22911D3C800E45438 /* Shoulder_Girdle.usdz in Resources */ = {isa = PBXBuildFile; fileRef = B77FCAC82911D3C800E45438 /* Shoulder_Girdle.usdz */; };
		B77FCAD32911D3C800E45438 /* Leg.usdz in Resources */ = {isa = PBXBuildFile; fileRef = B77FCAC92911D3C800E45438 /* Leg.usdz */; };
		B77FCAD42911D3C800E45438 /* Vertebral_Column.usdz in Resources */ = {isa = PBXBuildFile; fileRef = B77FCACA2911D3C800E45438 /* Vertebral_Column.usdz */; };
		B77FCAD52911D3C800E45438 /* Arm.usdz in Resources */ = {isa = PBXBuildFile; fileRef = B77FCACB2911D3C800E45438 /* Arm.usdz */; };
		B79DC3C72977604C00863A9A /* AuthService.swift in Sources */ = {isa = PBXBuildFile; fileRef = B79DC3C62977604C00863A9A /* AuthService.swift */; };
		B79DC3C9297760AD00863A9A /* RegisterUserRequest.swift in Sources */ = {isa = PBXBuildFile; fileRef = B79DC3C8297760AD00863A9A /* RegisterUserRequest.swift */; };
		B79DC3CB297760B300863A9A /* LoginUserRequest.swift in Sources */ = {isa = PBXBuildFile; fileRef = B79DC3CA297760B300863A9A /* LoginUserRequest.swift */; };
		B79DC3CD2977619F00863A9A /* User.swift in Sources */ = {isa = PBXBuildFile; fileRef = B79DC3CC2977619F00863A9A /* User.swift */; };
		B7A3E175296B584E009670FC /* .swiftlint.yml in Resources */ = {isa = PBXBuildFile; fileRef = B7A3E174296B584E009670FC /* .swiftlint.yml */; };
		B7AACAD529247125008A850B /* Extensions.swift in Sources */ = {isa = PBXBuildFile; fileRef = B7AACAD429247125008A850B /* Extensions.swift */; };
		B7ABC3F929B3F727002EEACE /* ProfileQuizCollectionViewCell.swift in Sources */ = {isa = PBXBuildFile; fileRef = B7ABC3F829B3F727002EEACE /* ProfileQuizCollectionViewCell.swift */; };
		B7D05E24291FD51900439680 /* Skull.usdz in Resources */ = {isa = PBXBuildFile; fileRef = B7D05E23291FD51900439680 /* Skull.usdz */; };
		B7D05E26291FDA9400439680 /* Chest.usdz in Resources */ = {isa = PBXBuildFile; fileRef = B7D05E25291FDA9400439680 /* Chest.usdz */; };
		B7D05E28291FDA9E00439680 /* Laryngeal.usdz in Resources */ = {isa = PBXBuildFile; fileRef = B7D05E27291FDA9E00439680 /* Laryngeal.usdz */; };
		B7EBEF432978B5BF00FB401B /* ModelViewController.swift in Sources */ = {isa = PBXBuildFile; fileRef = B7EBEF422978B5BF00FB401B /* ModelViewController.swift */; };
		B7EBEF4B29809B4600FB401B /* ModelControllerAddButton.swift in Sources */ = {isa = PBXBuildFile; fileRef = B7EBEF4A29809B4600FB401B /* ModelControllerAddButton.swift */; };
		B7EBEF4F29809FAB00FB401B /* PopUpViewButton.swift in Sources */ = {isa = PBXBuildFile; fileRef = B7EBEF4E29809FAB00FB401B /* PopUpViewButton.swift */; };
		B7EBEF512983341C00FB401B /* CreateQuizViewController.swift in Sources */ = {isa = PBXBuildFile; fileRef = B7EBEF502983341C00FB401B /* CreateQuizViewController.swift */; };
		B7EBEF53298340B200FB401B /* NewQuestionCustomTextField.swift in Sources */ = {isa = PBXBuildFile; fileRef = B7EBEF52298340B200FB401B /* NewQuestionCustomTextField.swift */; };
		B7EBEF5729870F6800FB401B /* NewQuestionViewController.swift in Sources */ = {isa = PBXBuildFile; fileRef = B7EBEF5629870F6800FB401B /* NewQuestionViewController.swift */; };
		B7EBEF5929883CCE00FB401B /* QuizSettingsViewController.swift in Sources */ = {isa = PBXBuildFile; fileRef = B7EBEF5829883CCE00FB401B /* QuizSettingsViewController.swift */; };
		B7EBEF5B2988699500FB401B /* MainTabController.swift in Sources */ = {isa = PBXBuildFile; fileRef = B7EBEF5A2988699500FB401B /* MainTabController.swift */; };
		B7EBEF5E29886A2800FB401B /* ProfileViewController.swift in Sources */ = {isa = PBXBuildFile; fileRef = B7EBEF5D29886A2800FB401B /* ProfileViewController.swift */; };
		B7EBEF602988862700FB401B /* QuizSettingsCustomLabel.swift in Sources */ = {isa = PBXBuildFile; fileRef = B7EBEF5F2988862700FB401B /* QuizSettingsCustomLabel.swift */; };
		B7EBEF6229897B8A00FB401B /* Quiz.swift in Sources */ = {isa = PBXBuildFile; fileRef = B7EBEF6129897B8A00FB401B /* Quiz.swift */; };
		B7EBEF642989B6EE00FB401B /* QuizService.swift in Sources */ = {isa = PBXBuildFile; fileRef = B7EBEF632989B6EE00FB401B /* QuizService.swift */; };
		B7EBEF66298B2E6C00FB401B /* QuizCustomNavigationButton.swift in Sources */ = {isa = PBXBuildFile; fileRef = B7EBEF65298B2E6C00FB401B /* QuizCustomNavigationButton.swift */; };
		B7EBEF68298BFC0100FB401B /* QuizViewController.swift in Sources */ = {isa = PBXBuildFile; fileRef = B7EBEF67298BFC0100FB401B /* QuizViewController.swift */; };
		B7EEAA6B296B6D5E00AAAC61 /* SkeletalJSON.json in Resources */ = {isa = PBXBuildFile; fileRef = B7EEAA6A296B6D5E00AAAC61 /* SkeletalJSON.json */; };
		B7F64EF5291FE10100652A9E /* OnboardingPageViewController.swift in Sources */ = {isa = PBXBuildFile; fileRef = B7F64EF4291FE10100652A9E /* OnboardingPageViewController.swift */; };
		B7F64EFE291FFCB000652A9E /* OnboardingViewController.swift in Sources */ = {isa = PBXBuildFile; fileRef = B7F64EFD291FFCB000652A9E /* OnboardingViewController.swift */; };
		B7F64F00291FFCCF00652A9E /* MainViewController.swift in Sources */ = {isa = PBXBuildFile; fileRef = B7F64EFF291FFCCF00652A9E /* MainViewController.swift */; };
		B7F8C91F295A2D070091C68E /* ColorPickerView.swift in Sources */ = {isa = PBXBuildFile; fileRef = B7F8C91E295A2D070091C68E /* ColorPickerView.swift */; };
		B7FDB44C2923B55000B8A17D /* MainViewCollectionViewCell.swift in Sources */ = {isa = PBXBuildFile; fileRef = B7FDB44B2923B55000B8A17D /* MainViewCollectionViewCell.swift */; };
		B7FDB4882924402500B8A17D /* DatabaseManager.swift in Sources */ = {isa = PBXBuildFile; fileRef = B7FDB4872924402500B8A17D /* DatabaseManager.swift */; };
		B7FDB48A29244ADB00B8A17D /* CategoryViewController.swift in Sources */ = {isa = PBXBuildFile; fileRef = B7FDB48929244ADB00B8A17D /* CategoryViewController.swift */; };
		B7FDB48C29244B9E00B8A17D /* CategoryViewCollectionViewCell.swift in Sources */ = {isa = PBXBuildFile; fileRef = B7FDB48B29244B9E00B8A17D /* CategoryViewCollectionViewCell.swift */; };
		FCB4F5A3CDC4FB5966833400 /* Pods_Thesis.framework in Frameworks */ = {isa = PBXBuildFile; fileRef = 71F089672C8C06FEC9296484 /* Pods_Thesis.framework */; };
/* End PBXBuildFile section */

/* Begin PBXFileReference section */
		3321F09ECA26FDE6D6B1AED5 /* Pods-Thesis.release.xcconfig */ = {isa = PBXFileReference; includeInIndex = 1; lastKnownFileType = text.xcconfig; name = "Pods-Thesis.release.xcconfig"; path = "Target Support Files/Pods-Thesis/Pods-Thesis.release.xcconfig"; sourceTree = "<group>"; };
		71F089672C8C06FEC9296484 /* Pods_Thesis.framework */ = {isa = PBXFileReference; explicitFileType = wrapper.framework; includeInIndex = 0; path = Pods_Thesis.framework; sourceTree = BUILT_PRODUCTS_DIR; };
		B067CE6E966AE50BDCBF3ADB /* Pods-Thesis.debug.xcconfig */ = {isa = PBXFileReference; includeInIndex = 1; lastKnownFileType = text.xcconfig; name = "Pods-Thesis.debug.xcconfig"; path = "Target Support Files/Pods-Thesis/Pods-Thesis.debug.xcconfig"; sourceTree = "<group>"; };
		B707B36A297754F5001DB1E8 /* LoginViewController.swift */ = {isa = PBXFileReference; lastKnownFileType = sourcecode.swift; path = LoginViewController.swift; sourceTree = "<group>"; };
		B707B36C297754FC001DB1E8 /* RegistrationViewController.swift */ = {isa = PBXFileReference; lastKnownFileType = sourcecode.swift; path = RegistrationViewController.swift; sourceTree = "<group>"; };
		B707B36E29775503001DB1E8 /* ForgotPasswordViewControlelr.swift */ = {isa = PBXFileReference; lastKnownFileType = sourcecode.swift; path = ForgotPasswordViewControlelr.swift; sourceTree = "<group>"; };
		B707B3712977559F001DB1E8 /* AuthHeaderView.swift */ = {isa = PBXFileReference; lastKnownFileType = sourcecode.swift; path = AuthHeaderView.swift; sourceTree = "<group>"; };
		B707B373297755A8001DB1E8 /* CustomAuthButton.swift */ = {isa = PBXFileReference; lastKnownFileType = sourcecode.swift; path = CustomAuthButton.swift; sourceTree = "<group>"; };
		B707B375297755B0001DB1E8 /* CustomAuthTextField.swift */ = {isa = PBXFileReference; lastKnownFileType = sourcecode.swift; path = CustomAuthTextField.swift; sourceTree = "<group>"; };
		B707B377297756EC001DB1E8 /* logo.png */ = {isa = PBXFileReference; lastKnownFileType = image.png; path = logo.png; sourceTree = "<group>"; };
		B707B37A29775B4D001DB1E8 /* Validator.swift */ = {isa = PBXFileReference; lastKnownFileType = sourcecode.swift; path = Validator.swift; sourceTree = "<group>"; };
		B707B37C29775B83001DB1E8 /* AlertManager.swift */ = {isa = PBXFileReference; lastKnownFileType = sourcecode.swift; path = AlertManager.swift; sourceTree = "<group>"; };
		B7136B6F2911D64200C6D54E /* ModelInformationView.swift */ = {isa = PBXFileReference; fileEncoding = 4; lastKnownFileType = sourcecode.swift; path = ModelInformationView.swift; sourceTree = "<group>"; };
		B71CFFD32934DD0D005870E2 /* QuizPageViewController.swift */ = {isa = PBXFileReference; lastKnownFileType = sourcecode.swift; path = QuizPageViewController.swift; sourceTree = "<group>"; };
		B71CFFD629351CC0005870E2 /* Question.swift */ = {isa = PBXFileReference; lastKnownFileType = sourcecode.swift; path = Question.swift; sourceTree = "<group>"; };
		B71CFFD8293520F3005870E2 /* AnatomyModel.swift */ = {isa = PBXFileReference; lastKnownFileType = sourcecode.swift; path = AnatomyModel.swift; sourceTree = "<group>"; };
		B71F902C29AA2F9100A6F94E /* GoogleService-Info.plist */ = {isa = PBXFileReference; fileEncoding = 4; lastKnownFileType = text.plist.xml; path = "GoogleService-Info.plist"; sourceTree = "<group>"; };
		B71F902E29AA3CA700A6F94E /* TimerBarButtonItem.swift */ = {isa = PBXFileReference; lastKnownFileType = sourcecode.swift; path = TimerBarButtonItem.swift; sourceTree = "<group>"; };
		B7302EFF2911CEBC0018272C /* Thesis.app */ = {isa = PBXFileReference; explicitFileType = wrapper.application; includeInIndex = 0; path = Thesis.app; sourceTree = BUILT_PRODUCTS_DIR; };
		B7302F022911CEBC0018272C /* AppDelegate.swift */ = {isa = PBXFileReference; lastKnownFileType = sourcecode.swift; path = AppDelegate.swift; sourceTree = "<group>"; };
		B7302F042911CEBC0018272C /* SceneDelegate.swift */ = {isa = PBXFileReference; lastKnownFileType = sourcecode.swift; path = SceneDelegate.swift; sourceTree = "<group>"; };
		B7302F062911CEBC0018272C /* ARViewController.swift */ = {isa = PBXFileReference; lastKnownFileType = sourcecode.swift; path = ARViewController.swift; sourceTree = "<group>"; };
		B7302F0B2911CEBD0018272C /* Assets.xcassets */ = {isa = PBXFileReference; lastKnownFileType = folder.assetcatalog; path = Assets.xcassets; sourceTree = "<group>"; };
		B7302F0E2911CEBD0018272C /* Base */ = {isa = PBXFileReference; lastKnownFileType = file.storyboard; name = Base; path = Base.lproj/LaunchScreen.storyboard; sourceTree = "<group>"; };
		B7302F102911CEBD0018272C /* Info.plist */ = {isa = PBXFileReference; lastKnownFileType = text.plist.xml; path = Info.plist; sourceTree = "<group>"; };
		B73B6B7E29549DA600195D50 /* AREntity.swift */ = {isa = PBXFileReference; lastKnownFileType = sourcecode.swift; path = AREntity.swift; sourceTree = "<group>"; };
		B73B6B8229564F3400195D50 /* ModelInformationButton.swift */ = {isa = PBXFileReference; lastKnownFileType = sourcecode.swift; path = ModelInformationButton.swift; sourceTree = "<group>"; };
		B74DF719293ABBFA001C9643 /* QuestionView.swift */ = {isa = PBXFileReference; lastKnownFileType = sourcecode.swift; path = QuestionView.swift; sourceTree = "<group>"; };
		B74DF71B293B9ABF001C9643 /* CustomAnswerButton.swift */ = {isa = PBXFileReference; lastKnownFileType = sourcecode.swift; path = CustomAnswerButton.swift; sourceTree = "<group>"; };
		B74DF71F293BF0BC001C9643 /* EndOfQuizController.swift */ = {isa = PBXFileReference; lastKnownFileType = sourcecode.swift; path = EndOfQuizController.swift; sourceTree = "<group>"; };
		B75137BD2994622600ACD3F7 /* EndOfQuizStatLabel.swift */ = {isa = PBXFileReference; lastKnownFileType = sourcecode.swift; path = EndOfQuizStatLabel.swift; sourceTree = "<group>"; };
		B77FCAC42911D3C800E45438 /* Pelvic_Girdle.usdz */ = {isa = PBXFileReference; lastKnownFileType = file.usdz; path = Pelvic_Girdle.usdz; sourceTree = "<group>"; };
		B77FCAC52911D3C800E45438 /* Hand.usdz */ = {isa = PBXFileReference; lastKnownFileType = file.usdz; path = Hand.usdz; sourceTree = "<group>"; };
		B77FCAC62911D3C800E45438 /* Foot.usdz */ = {isa = PBXFileReference; lastKnownFileType = file.usdz; path = Foot.usdz; sourceTree = "<group>"; };
		B77FCAC82911D3C800E45438 /* Shoulder_Girdle.usdz */ = {isa = PBXFileReference; lastKnownFileType = file.usdz; path = Shoulder_Girdle.usdz; sourceTree = "<group>"; };
		B77FCAC92911D3C800E45438 /* Leg.usdz */ = {isa = PBXFileReference; lastKnownFileType = file.usdz; path = Leg.usdz; sourceTree = "<group>"; };
		B77FCACA2911D3C800E45438 /* Vertebral_Column.usdz */ = {isa = PBXFileReference; lastKnownFileType = file.usdz; path = Vertebral_Column.usdz; sourceTree = "<group>"; };
		B77FCACB2911D3C800E45438 /* Arm.usdz */ = {isa = PBXFileReference; lastKnownFileType = file.usdz; path = Arm.usdz; sourceTree = "<group>"; };
		B79DC3C62977604C00863A9A /* AuthService.swift */ = {isa = PBXFileReference; lastKnownFileType = sourcecode.swift; path = AuthService.swift; sourceTree = "<group>"; };
		B79DC3C8297760AD00863A9A /* RegisterUserRequest.swift */ = {isa = PBXFileReference; lastKnownFileType = sourcecode.swift; path = RegisterUserRequest.swift; sourceTree = "<group>"; };
		B79DC3CA297760B300863A9A /* LoginUserRequest.swift */ = {isa = PBXFileReference; lastKnownFileType = sourcecode.swift; path = LoginUserRequest.swift; sourceTree = "<group>"; };
		B79DC3CC2977619F00863A9A /* User.swift */ = {isa = PBXFileReference; lastKnownFileType = sourcecode.swift; path = User.swift; sourceTree = "<group>"; };
		B7A3E174296B584E009670FC /* .swiftlint.yml */ = {isa = PBXFileReference; lastKnownFileType = text.yaml; path = .swiftlint.yml; sourceTree = "<group>"; };
		B7AACAD429247125008A850B /* Extensions.swift */ = {isa = PBXFileReference; lastKnownFileType = sourcecode.swift; path = Extensions.swift; sourceTree = "<group>"; };
		B7ABC3F829B3F727002EEACE /* ProfileQuizCollectionViewCell.swift */ = {isa = PBXFileReference; lastKnownFileType = sourcecode.swift; path = ProfileQuizCollectionViewCell.swift; sourceTree = "<group>"; };
		B7D05E23291FD51900439680 /* Skull.usdz */ = {isa = PBXFileReference; lastKnownFileType = file.usdz; path = Skull.usdz; sourceTree = "<group>"; };
		B7D05E25291FDA9400439680 /* Chest.usdz */ = {isa = PBXFileReference; lastKnownFileType = file.usdz; path = Chest.usdz; sourceTree = "<group>"; };
		B7D05E27291FDA9E00439680 /* Laryngeal.usdz */ = {isa = PBXFileReference; lastKnownFileType = file.usdz; path = Laryngeal.usdz; sourceTree = "<group>"; };
		B7EBEF422978B5BF00FB401B /* ModelViewController.swift */ = {isa = PBXFileReference; lastKnownFileType = sourcecode.swift; path = ModelViewController.swift; sourceTree = "<group>"; };
		B7EBEF4A29809B4600FB401B /* ModelControllerAddButton.swift */ = {isa = PBXFileReference; lastKnownFileType = sourcecode.swift; path = ModelControllerAddButton.swift; sourceTree = "<group>"; };
		B7EBEF4E29809FAB00FB401B /* PopUpViewButton.swift */ = {isa = PBXFileReference; lastKnownFileType = sourcecode.swift; path = PopUpViewButton.swift; sourceTree = "<group>"; };
		B7EBEF502983341C00FB401B /* CreateQuizViewController.swift */ = {isa = PBXFileReference; lastKnownFileType = sourcecode.swift; path = CreateQuizViewController.swift; sourceTree = "<group>"; };
		B7EBEF52298340B200FB401B /* NewQuestionCustomTextField.swift */ = {isa = PBXFileReference; lastKnownFileType = sourcecode.swift; path = NewQuestionCustomTextField.swift; sourceTree = "<group>"; };
		B7EBEF5629870F6800FB401B /* NewQuestionViewController.swift */ = {isa = PBXFileReference; lastKnownFileType = sourcecode.swift; path = NewQuestionViewController.swift; sourceTree = "<group>"; };
		B7EBEF5829883CCE00FB401B /* QuizSettingsViewController.swift */ = {isa = PBXFileReference; lastKnownFileType = sourcecode.swift; path = QuizSettingsViewController.swift; sourceTree = "<group>"; };
		B7EBEF5A2988699500FB401B /* MainTabController.swift */ = {isa = PBXFileReference; lastKnownFileType = sourcecode.swift; path = MainTabController.swift; sourceTree = "<group>"; };
		B7EBEF5D29886A2800FB401B /* ProfileViewController.swift */ = {isa = PBXFileReference; lastKnownFileType = sourcecode.swift; path = ProfileViewController.swift; sourceTree = "<group>"; };
		B7EBEF5F2988862700FB401B /* QuizSettingsCustomLabel.swift */ = {isa = PBXFileReference; lastKnownFileType = sourcecode.swift; path = QuizSettingsCustomLabel.swift; sourceTree = "<group>"; };
		B7EBEF6129897B8A00FB401B /* Quiz.swift */ = {isa = PBXFileReference; lastKnownFileType = sourcecode.swift; path = Quiz.swift; sourceTree = "<group>"; };
		B7EBEF632989B6EE00FB401B /* QuizService.swift */ = {isa = PBXFileReference; lastKnownFileType = sourcecode.swift; path = QuizService.swift; sourceTree = "<group>"; };
		B7EBEF65298B2E6C00FB401B /* QuizCustomNavigationButton.swift */ = {isa = PBXFileReference; lastKnownFileType = sourcecode.swift; path = QuizCustomNavigationButton.swift; sourceTree = "<group>"; };
		B7EBEF67298BFC0100FB401B /* QuizViewController.swift */ = {isa = PBXFileReference; lastKnownFileType = sourcecode.swift; path = QuizViewController.swift; sourceTree = "<group>"; };
		B7EEAA6A296B6D5E00AAAC61 /* SkeletalJSON.json */ = {isa = PBXFileReference; fileEncoding = 4; lastKnownFileType = text.json; path = SkeletalJSON.json; sourceTree = "<group>"; };
		B7F64EF4291FE10100652A9E /* OnboardingPageViewController.swift */ = {isa = PBXFileReference; lastKnownFileType = sourcecode.swift; path = OnboardingPageViewController.swift; sourceTree = "<group>"; };
		B7F64EFD291FFCB000652A9E /* OnboardingViewController.swift */ = {isa = PBXFileReference; lastKnownFileType = sourcecode.swift; path = OnboardingViewController.swift; sourceTree = "<group>"; };
		B7F64EFF291FFCCF00652A9E /* MainViewController.swift */ = {isa = PBXFileReference; lastKnownFileType = sourcecode.swift; path = MainViewController.swift; sourceTree = "<group>"; };
		B7F8C91E295A2D070091C68E /* ColorPickerView.swift */ = {isa = PBXFileReference; lastKnownFileType = sourcecode.swift; path = ColorPickerView.swift; sourceTree = "<group>"; };
		B7FDB44B2923B55000B8A17D /* MainViewCollectionViewCell.swift */ = {isa = PBXFileReference; lastKnownFileType = sourcecode.swift; path = MainViewCollectionViewCell.swift; sourceTree = "<group>"; };
		B7FDB4872924402500B8A17D /* DatabaseManager.swift */ = {isa = PBXFileReference; lastKnownFileType = sourcecode.swift; path = DatabaseManager.swift; sourceTree = "<group>"; };
		B7FDB48929244ADB00B8A17D /* CategoryViewController.swift */ = {isa = PBXFileReference; lastKnownFileType = sourcecode.swift; path = CategoryViewController.swift; sourceTree = "<group>"; };
		B7FDB48B29244B9E00B8A17D /* CategoryViewCollectionViewCell.swift */ = {isa = PBXFileReference; lastKnownFileType = sourcecode.swift; path = CategoryViewCollectionViewCell.swift; sourceTree = "<group>"; };
/* End PBXFileReference section */

/* Begin PBXFrameworksBuildPhase section */
		B7302EFC2911CEBC0018272C /* Frameworks */ = {
			isa = PBXFrameworksBuildPhase;
			buildActionMask = 2147483647;
			files = (
				B7136B6B2911D4FB00C6D54E /* FocusEntity in Frameworks */,
				FCB4F5A3CDC4FB5966833400 /* Pods_Thesis.framework in Frameworks */,
			);
			runOnlyForDeploymentPostprocessing = 0;
		};
/* End PBXFrameworksBuildPhase section */

/* Begin PBXGroup section */
		0F1241F11490A3EA94FEF860 /* Pods */ = {
			isa = PBXGroup;
			children = (
				B067CE6E966AE50BDCBF3ADB /* Pods-Thesis.debug.xcconfig */,
				3321F09ECA26FDE6D6B1AED5 /* Pods-Thesis.release.xcconfig */,
			);
			path = Pods;
			sourceTree = "<group>";
		};
		7B368FAC294A69B6A02A6368 /* Frameworks */ = {
			isa = PBXGroup;
			children = (
				71F089672C8C06FEC9296484 /* Pods_Thesis.framework */,
			);
			name = Frameworks;
			sourceTree = "<group>";
		};
		B707B369297754B1001DB1E8 /* Authentication */ = {
			isa = PBXGroup;
			children = (
				B707B36A297754F5001DB1E8 /* LoginViewController.swift */,
				B707B36C297754FC001DB1E8 /* RegistrationViewController.swift */,
				B707B36E29775503001DB1E8 /* ForgotPasswordViewControlelr.swift */,
			);
			path = Authentication;
			sourceTree = "<group>";
		};
		B707B3702977558B001DB1E8 /* Authentication */ = {
			isa = PBXGroup;
			children = (
				B707B3712977559F001DB1E8 /* AuthHeaderView.swift */,
				B707B373297755A8001DB1E8 /* CustomAuthButton.swift */,
				B707B375297755B0001DB1E8 /* CustomAuthTextField.swift */,
			);
			path = Authentication;
			sourceTree = "<group>";
		};
		B707B37929775B44001DB1E8 /* API */ = {
			isa = PBXGroup;
			children = (
				B79DC3C62977604C00863A9A /* AuthService.swift */,
				B7EBEF632989B6EE00FB401B /* QuizService.swift */,
			);
			path = API;
			sourceTree = "<group>";
		};
		B71CFFD22934DCD6005870E2 /* ARControllers */ = {
			isa = PBXGroup;
			children = (
				B7302F062911CEBC0018272C /* ARViewController.swift */,
			);
			path = ARControllers;
			sourceTree = "<group>";
		};
		B71CFFD529351CAC005870E2 /* Models */ = {
			isa = PBXGroup;
			children = (
				B71CFFD629351CC0005870E2 /* Question.swift */,
				B71CFFD8293520F3005870E2 /* AnatomyModel.swift */,
				B73B6B7E29549DA600195D50 /* AREntity.swift */,
				B79DC3C8297760AD00863A9A /* RegisterUserRequest.swift */,
				B79DC3CA297760B300863A9A /* LoginUserRequest.swift */,
				B79DC3CC2977619F00863A9A /* User.swift */,
				B7EBEF6129897B8A00FB401B /* Quiz.swift */,
			);
			path = Models;
			sourceTree = "<group>";
		};
		B7302EF62911CEBC0018272C = {
			isa = PBXGroup;
			children = (
				B71F902C29AA2F9100A6F94E /* GoogleService-Info.plist */,
				B7EEAA6A296B6D5E00AAAC61 /* SkeletalJSON.json */,
				B7A3E174296B584E009670FC /* .swiftlint.yml */,
				B707B377297756EC001DB1E8 /* logo.png */,
				B7302F012911CEBC0018272C /* Thesis */,
				B7302F002911CEBC0018272C /* Products */,
				0F1241F11490A3EA94FEF860 /* Pods */,
				7B368FAC294A69B6A02A6368 /* Frameworks */,
			);
			sourceTree = "<group>";
		};
		B7302F002911CEBC0018272C /* Products */ = {
			isa = PBXGroup;
			children = (
				B7302EFF2911CEBC0018272C /* Thesis.app */,
			);
			name = Products;
			sourceTree = "<group>";
		};
		B7302F012911CEBC0018272C /* Thesis */ = {
			isa = PBXGroup;
			children = (
				B7302F1B2911D1EA0018272C /* USDZFiles */,
				B707B37929775B44001DB1E8 /* API */,
				B7302F1A2911CF710018272C /* Utils */,
				B71CFFD529351CAC005870E2 /* Models */,
				B7302F182911CF220018272C /* Views */,
				B7302F172911CF1D0018272C /* Controllers */,
				B7302F0B2911CEBD0018272C /* Assets.xcassets */,
				B7302F0D2911CEBD0018272C /* LaunchScreen.storyboard */,
				B7302F022911CEBC0018272C /* AppDelegate.swift */,
				B7302F042911CEBC0018272C /* SceneDelegate.swift */,
				B7302F102911CEBD0018272C /* Info.plist */,
			);
			path = Thesis;
			sourceTree = "<group>";
		};
		B7302F172911CF1D0018272C /* Controllers */ = {
			isa = PBXGroup;
			children = (
				B7EBEF5C2988699E00FB401B /* Main */,
				B7EBEF44297F40CA00FB401B /* Quiz */,
				B707B369297754B1001DB1E8 /* Authentication */,
				B71CFFD22934DCD6005870E2 /* ARControllers */,
				B7F64EF6291FF85900652A9E /* Onboarding */,
			);
			path = Controllers;
			sourceTree = "<group>";
		};
		B7302F182911CF220018272C /* Views */ = {
			isa = PBXGroup;
			children = (
				B7ABC3F329B3D29A002EEACE /* Profile */,
				B7FDB44B2923B55000B8A17D /* MainViewCollectionViewCell.swift */,
				B7FDB48B29244B9E00B8A17D /* CategoryViewCollectionViewCell.swift */,
				B7EBEF5529870D2100FB401B /* Quiz */,
				B7EBEF47298029C800FB401B /* ModelController */,
				B7EBEF412978B49B00FB401B /* AR */,
				B707B3702977558B001DB1E8 /* Authentication */,
			);
			path = Views;
			sourceTree = "<group>";
		};
		B7302F1A2911CF710018272C /* Utils */ = {
			isa = PBXGroup;
			children = (
				B707B37A29775B4D001DB1E8 /* Validator.swift */,
				B7FDB4872924402500B8A17D /* DatabaseManager.swift */,
				B7AACAD429247125008A850B /* Extensions.swift */,
				B707B37C29775B83001DB1E8 /* AlertManager.swift */,
			);
			path = Utils;
			sourceTree = "<group>";
		};
		B7302F1B2911D1EA0018272C /* USDZFiles */ = {
			isa = PBXGroup;
			children = (
				B7302F212911D2560018272C /* Skeletial */,
				B7302F1E2911D2110018272C /* Visceral */,
				B7302F1D2911D20B0018272C /* Muscular */,
			);
			path = USDZFiles;
			sourceTree = "<group>";
		};
		B7302F1D2911D20B0018272C /* Muscular */ = {
			isa = PBXGroup;
			children = (
			);
			path = Muscular;
			sourceTree = "<group>";
		};
		B7302F1E2911D2110018272C /* Visceral */ = {
			isa = PBXGroup;
			children = (
			);
			path = Visceral;
			sourceTree = "<group>";
		};
		B7302F212911D2560018272C /* Skeletial */ = {
			isa = PBXGroup;
			children = (
				B7D05E27291FDA9E00439680 /* Laryngeal.usdz */,
				B7D05E25291FDA9400439680 /* Chest.usdz */,
				B7D05E23291FD51900439680 /* Skull.usdz */,
				B77FCACB2911D3C800E45438 /* Arm.usdz */,
				B77FCAC62911D3C800E45438 /* Foot.usdz */,
				B77FCAC52911D3C800E45438 /* Hand.usdz */,
				B77FCAC92911D3C800E45438 /* Leg.usdz */,
				B77FCAC42911D3C800E45438 /* Pelvic_Girdle.usdz */,
				B77FCAC82911D3C800E45438 /* Shoulder_Girdle.usdz */,
				B77FCACA2911D3C800E45438 /* Vertebral_Column.usdz */,
			);
			path = Skeletial;
			sourceTree = "<group>";
		};
		B7ABC3F329B3D29A002EEACE /* Profile */ = {
			isa = PBXGroup;
			children = (
				B7ABC3F829B3F727002EEACE /* ProfileQuizCollectionViewCell.swift */,
			);
			path = Profile;
			sourceTree = "<group>";
		};
		B7EBEF412978B49B00FB401B /* AR */ = {
			isa = PBXGroup;
			children = (
				B7F8C91E295A2D070091C68E /* ColorPickerView.swift */,
				B73B6B8229564F3400195D50 /* ModelInformationButton.swift */,
				B7136B6F2911D64200C6D54E /* ModelInformationView.swift */,
			);
			path = AR;
			sourceTree = "<group>";
		};
		B7EBEF44297F40CA00FB401B /* Quiz */ = {
			isa = PBXGroup;
			children = (
				B74DF71F293BF0BC001C9643 /* EndOfQuizController.swift */,
				B71CFFD32934DD0D005870E2 /* QuizPageViewController.swift */,
				B7EBEF502983341C00FB401B /* CreateQuizViewController.swift */,
				B7EBEF5629870F6800FB401B /* NewQuestionViewController.swift */,
				B7EBEF5829883CCE00FB401B /* QuizSettingsViewController.swift */,
				B7EBEF67298BFC0100FB401B /* QuizViewController.swift */,
			);
			path = Quiz;
			sourceTree = "<group>";
		};
		B7EBEF47298029C800FB401B /* ModelController */ = {
			isa = PBXGroup;
			children = (
				B7EBEF4A29809B4600FB401B /* ModelControllerAddButton.swift */,
				B7EBEF4E29809FAB00FB401B /* PopUpViewButton.swift */,
			);
			path = ModelController;
			sourceTree = "<group>";
		};
		B7EBEF5529870D2100FB401B /* Quiz */ = {
			isa = PBXGroup;
			children = (
				B74DF719293ABBFA001C9643 /* QuestionView.swift */,
				B7EBEF52298340B200FB401B /* NewQuestionCustomTextField.swift */,
				B74DF71B293B9ABF001C9643 /* CustomAnswerButton.swift */,
				B7EBEF5F2988862700FB401B /* QuizSettingsCustomLabel.swift */,
				B7EBEF65298B2E6C00FB401B /* QuizCustomNavigationButton.swift */,
				B75137BD2994622600ACD3F7 /* EndOfQuizStatLabel.swift */,
				B71F902E29AA3CA700A6F94E /* TimerBarButtonItem.swift */,
			);
			path = Quiz;
			sourceTree = "<group>";
		};
		B7EBEF5C2988699E00FB401B /* Main */ = {
			isa = PBXGroup;
			children = (
				B7EBEF5A2988699500FB401B /* MainTabController.swift */,
				B7EBEF422978B5BF00FB401B /* ModelViewController.swift */,
				B7F64EFF291FFCCF00652A9E /* MainViewController.swift */,
				B7FDB48929244ADB00B8A17D /* CategoryViewController.swift */,
				B7EBEF5D29886A2800FB401B /* ProfileViewController.swift */,
			);
			path = Main;
			sourceTree = "<group>";
		};
		B7F64EF6291FF85900652A9E /* Onboarding */ = {
			isa = PBXGroup;
			children = (
				B7F64EF4291FE10100652A9E /* OnboardingPageViewController.swift */,
				B7F64EFD291FFCB000652A9E /* OnboardingViewController.swift */,
			);
			path = Onboarding;
			sourceTree = "<group>";
		};
/* End PBXGroup section */

/* Begin PBXNativeTarget section */
		B7302EFE2911CEBC0018272C /* Thesis */ = {
			isa = PBXNativeTarget;
			buildConfigurationList = B7302F132911CEBD0018272C /* Build configuration list for PBXNativeTarget "Thesis" */;
			buildPhases = (
				CFEC964CAA6D28D9700065A6 /* [CP] Check Pods Manifest.lock */,
				B7302EFB2911CEBC0018272C /* Sources */,
				B7302EFC2911CEBC0018272C /* Frameworks */,
				B7302EFD2911CEBC0018272C /* Resources */,
				B168F61D6C92CCB537D1473B /* [CP] Embed Pods Frameworks */,
				B7A3E173296B5839009670FC /* ShellScript */,
			);
			buildRules = (
			);
			dependencies = (
			);
			name = Thesis;
			packageProductDependencies = (
				B7136B6A2911D4FB00C6D54E /* FocusEntity */,
			);
			productName = Thesis;
			productReference = B7302EFF2911CEBC0018272C /* Thesis.app */;
			productType = "com.apple.product-type.application";
		};
/* End PBXNativeTarget section */

/* Begin PBXProject section */
		B7302EF72911CEBC0018272C /* Project object */ = {
			isa = PBXProject;
			attributes = {
				BuildIndependentTargetsInParallel = 1;
				LastSwiftUpdateCheck = 1400;
				LastUpgradeCheck = 1400;
				TargetAttributes = {
					B7302EFE2911CEBC0018272C = {
						CreatedOnToolsVersion = 14.0;
					};
				};
			};
			buildConfigurationList = B7302EFA2911CEBC0018272C /* Build configuration list for PBXProject "Thesis" */;
			compatibilityVersion = "Xcode 14.0";
			developmentRegion = en;
			hasScannedForEncodings = 0;
			knownRegions = (
				en,
				Base,
			);
			mainGroup = B7302EF62911CEBC0018272C;
			packageReferences = (
				B7136B692911D4FB00C6D54E /* XCRemoteSwiftPackageReference "FocusEntity" */,
				B7136B6C2911D52A00C6D54E /* XCRemoteSwiftPackageReference "LoremSwiftum" */,
				B7AACAD12924711C008A850B /* XCRemoteSwiftPackageReference "JGProgressHUD" */,
			);
			productRefGroup = B7302F002911CEBC0018272C /* Products */;
			projectDirPath = "";
			projectRoot = "";
			targets = (
				B7302EFE2911CEBC0018272C /* Thesis */,
			);
		};
/* End PBXProject section */

/* Begin PBXResourcesBuildPhase section */
		B7302EFD2911CEBC0018272C /* Resources */ = {
			isa = PBXResourcesBuildPhase;
			buildActionMask = 2147483647;
			files = (
				B77FCAD52911D3C800E45438 /* Arm.usdz in Resources */,
				B7D05E24291FD51900439680 /* Skull.usdz in Resources */,
				B7EEAA6B296B6D5E00AAAC61 /* SkeletalJSON.json in Resources */,
				B707B378297756EC001DB1E8 /* logo.png in Resources */,
				B77FCAD42911D3C800E45438 /* Vertebral_Column.usdz in Resources */,
				B77FCACF2911D3C800E45438 /* Hand.usdz in Resources */,
				B77FCAD22911D3C800E45438 /* Shoulder_Girdle.usdz in Resources */,
				B7302F0F2911CEBD0018272C /* LaunchScreen.storyboard in Resources */,
				B7A3E175296B584E009670FC /* .swiftlint.yml in Resources */,
				B71F902D29AA2F9100A6F94E /* GoogleService-Info.plist in Resources */,
				B7302F0C2911CEBD0018272C /* Assets.xcassets in Resources */,
				B77FCAD32911D3C800E45438 /* Leg.usdz in Resources */,
				B7D05E28291FDA9E00439680 /* Laryngeal.usdz in Resources */,
				B7D05E26291FDA9400439680 /* Chest.usdz in Resources */,
				B77FCAD02911D3C800E45438 /* Foot.usdz in Resources */,
				B77FCACE2911D3C800E45438 /* Pelvic_Girdle.usdz in Resources */,
			);
			runOnlyForDeploymentPostprocessing = 0;
		};
/* End PBXResourcesBuildPhase section */

/* Begin PBXShellScriptBuildPhase section */
		B168F61D6C92CCB537D1473B /* [CP] Embed Pods Frameworks */ = {
			isa = PBXShellScriptBuildPhase;
			buildActionMask = 2147483647;
			files = (
			);
			inputFileListPaths = (
				"${PODS_ROOT}/Target Support Files/Pods-Thesis/Pods-Thesis-frameworks-${CONFIGURATION}-input-files.xcfilelist",
			);
			name = "[CP] Embed Pods Frameworks";
			outputFileListPaths = (
				"${PODS_ROOT}/Target Support Files/Pods-Thesis/Pods-Thesis-frameworks-${CONFIGURATION}-output-files.xcfilelist",
			);
			runOnlyForDeploymentPostprocessing = 0;
			shellPath = /bin/sh;
			shellScript = "\"${PODS_ROOT}/Target Support Files/Pods-Thesis/Pods-Thesis-frameworks.sh\"\n";
			showEnvVarsInLog = 0;
		};
		B7A3E173296B5839009670FC /* ShellScript */ = {
			isa = PBXShellScriptBuildPhase;
			buildActionMask = 2147483647;
			files = (
			);
			inputFileListPaths = (
			);
			inputPaths = (
			);
			outputFileListPaths = (
			);
			outputPaths = (
			);
			runOnlyForDeploymentPostprocessing = 0;
			shellPath = /bin/sh;
			shellScript = "export PATH=\"$PATH:/opt/homebrew/bin\"\nif which swiftlint > /dev/null; then\n  swiftlint\nelse\n  echo \"warning: SwiftLint not installed, download from https://github.com/realm/SwiftLint\"\nfi\n";
		};
		CFEC964CAA6D28D9700065A6 /* [CP] Check Pods Manifest.lock */ = {
			isa = PBXShellScriptBuildPhase;
			buildActionMask = 2147483647;
			files = (
			);
			inputFileListPaths = (
			);
			inputPaths = (
				"${PODS_PODFILE_DIR_PATH}/Podfile.lock",
				"${PODS_ROOT}/Manifest.lock",
			);
			name = "[CP] Check Pods Manifest.lock";
			outputFileListPaths = (
			);
			outputPaths = (
				"$(DERIVED_FILE_DIR)/Pods-Thesis-checkManifestLockResult.txt",
			);
			runOnlyForDeploymentPostprocessing = 0;
			shellPath = /bin/sh;
			shellScript = "diff \"${PODS_PODFILE_DIR_PATH}/Podfile.lock\" \"${PODS_ROOT}/Manifest.lock\" > /dev/null\nif [ $? != 0 ] ; then\n    # print error to STDERR\n    echo \"error: The sandbox is not in sync with the Podfile.lock. Run 'pod install' or update your CocoaPods installation.\" >&2\n    exit 1\nfi\n# This output is used by Xcode 'outputs' to avoid re-running this script phase.\necho \"SUCCESS\" > \"${SCRIPT_OUTPUT_FILE_0}\"\n";
			showEnvVarsInLog = 0;
		};
/* End PBXShellScriptBuildPhase section */

/* Begin PBXSourcesBuildPhase section */
		B7302EFB2911CEBC0018272C /* Sources */ = {
			isa = PBXSourcesBuildPhase;
			buildActionMask = 2147483647;
			files = (
				B71CFFD42934DD0D005870E2 /* QuizPageViewController.swift in Sources */,
				B7FDB48C29244B9E00B8A17D /* CategoryViewCollectionViewCell.swift in Sources */,
				B74DF71C293B9ABF001C9643 /* CustomAnswerButton.swift in Sources */,
				B71CFFD9293520F3005870E2 /* AnatomyModel.swift in Sources */,
				B71CFFD729351CC0005870E2 /* Question.swift in Sources */,
				B707B374297755A8001DB1E8 /* CustomAuthButton.swift in Sources */,
				B7EBEF66298B2E6C00FB401B /* QuizCustomNavigationButton.swift in Sources */,
				B7EBEF602988862700FB401B /* QuizSettingsCustomLabel.swift in Sources */,
				B7EBEF642989B6EE00FB401B /* QuizService.swift in Sources */,
				B7302F072911CEBC0018272C /* ARViewController.swift in Sources */,
				B73B6B7F29549DA600195D50 /* AREntity.swift in Sources */,
				B71F902F29AA3CA700A6F94E /* TimerBarButtonItem.swift in Sources */,
				B7EBEF4B29809B4600FB401B /* ModelControllerAddButton.swift in Sources */,
				B707B36F29775503001DB1E8 /* ForgotPasswordViewControlelr.swift in Sources */,
				B7EBEF4F29809FAB00FB401B /* PopUpViewButton.swift in Sources */,
				B74DF720293BF0BC001C9643 /* EndOfQuizController.swift in Sources */,
				B7136B702911D64200C6D54E /* ModelInformationView.swift in Sources */,
				B707B376297755B0001DB1E8 /* CustomAuthTextField.swift in Sources */,
				B79DC3CD2977619F00863A9A /* User.swift in Sources */,
				B7EBEF6229897B8A00FB401B /* Quiz.swift in Sources */,
				B7EBEF512983341C00FB401B /* CreateQuizViewController.swift in Sources */,
				B75137BE2994622600ACD3F7 /* EndOfQuizStatLabel.swift in Sources */,
				B7FDB48A29244ADB00B8A17D /* CategoryViewController.swift in Sources */,
				B7F64EF5291FE10100652A9E /* OnboardingPageViewController.swift in Sources */,
				B79DC3C72977604C00863A9A /* AuthService.swift in Sources */,
				B7ABC3F929B3F727002EEACE /* ProfileQuizCollectionViewCell.swift in Sources */,
				B707B36B297754F5001DB1E8 /* LoginViewController.swift in Sources */,
				B7302F032911CEBC0018272C /* AppDelegate.swift in Sources */,
				B79DC3C9297760AD00863A9A /* RegisterUserRequest.swift in Sources */,
				B7EBEF432978B5BF00FB401B /* ModelViewController.swift in Sources */,
				B707B36D297754FC001DB1E8 /* RegistrationViewController.swift in Sources */,
				B7EBEF53298340B200FB401B /* NewQuestionCustomTextField.swift in Sources */,
				B7EBEF5729870F6800FB401B /* NewQuestionViewController.swift in Sources */,
				B7F64EFE291FFCB000652A9E /* OnboardingViewController.swift in Sources */,
				B7FDB4882924402500B8A17D /* DatabaseManager.swift in Sources */,
				B7F8C91F295A2D070091C68E /* ColorPickerView.swift in Sources */,
				B7EBEF5B2988699500FB401B /* MainTabController.swift in Sources */,
				B7302F052911CEBC0018272C /* SceneDelegate.swift in Sources */,
				B707B37B29775B4D001DB1E8 /* Validator.swift in Sources */,
				B7EBEF68298BFC0100FB401B /* QuizViewController.swift in Sources */,
				B73B6B8329564F3400195D50 /* ModelInformationButton.swift in Sources */,
				B7AACAD529247125008A850B /* Extensions.swift in Sources */,
				B707B37D29775B83001DB1E8 /* AlertManager.swift in Sources */,
				B79DC3CB297760B300863A9A /* LoginUserRequest.swift in Sources */,
				B707B3722977559F001DB1E8 /* AuthHeaderView.swift in Sources */,
				B7F64F00291FFCCF00652A9E /* MainViewController.swift in Sources */,
				B7FDB44C2923B55000B8A17D /* MainViewCollectionViewCell.swift in Sources */,
				B74DF71A293ABBFA001C9643 /* QuestionView.swift in Sources */,
				B7EBEF5929883CCE00FB401B /* QuizSettingsViewController.swift in Sources */,
				B7EBEF5E29886A2800FB401B /* ProfileViewController.swift in Sources */,
			);
			runOnlyForDeploymentPostprocessing = 0;
		};
/* End PBXSourcesBuildPhase section */

/* Begin PBXVariantGroup section */
		B7302F0D2911CEBD0018272C /* LaunchScreen.storyboard */ = {
			isa = PBXVariantGroup;
			children = (
				B7302F0E2911CEBD0018272C /* Base */,
			);
			name = LaunchScreen.storyboard;
			sourceTree = "<group>";
		};
/* End PBXVariantGroup section */

/* Begin XCBuildConfiguration section */
		B7302F112911CEBD0018272C /* Debug */ = {
			isa = XCBuildConfiguration;
			buildSettings = {
				ALWAYS_SEARCH_USER_PATHS = NO;
				CLANG_ANALYZER_NONNULL = YES;
				CLANG_ANALYZER_NUMBER_OBJECT_CONVERSION = YES_AGGRESSIVE;
				CLANG_CXX_LANGUAGE_STANDARD = "gnu++20";
				CLANG_ENABLE_MODULES = YES;
				CLANG_ENABLE_OBJC_ARC = YES;
				CLANG_ENABLE_OBJC_WEAK = YES;
				CLANG_WARN_BLOCK_CAPTURE_AUTORELEASING = YES;
				CLANG_WARN_BOOL_CONVERSION = YES;
				CLANG_WARN_COMMA = YES;
				CLANG_WARN_CONSTANT_CONVERSION = YES;
				CLANG_WARN_DEPRECATED_OBJC_IMPLEMENTATIONS = YES;
				CLANG_WARN_DIRECT_OBJC_ISA_USAGE = YES_ERROR;
				CLANG_WARN_DOCUMENTATION_COMMENTS = YES;
				CLANG_WARN_EMPTY_BODY = YES;
				CLANG_WARN_ENUM_CONVERSION = YES;
				CLANG_WARN_INFINITE_RECURSION = YES;
				CLANG_WARN_INT_CONVERSION = YES;
				CLANG_WARN_NON_LITERAL_NULL_CONVERSION = YES;
				CLANG_WARN_OBJC_IMPLICIT_RETAIN_SELF = YES;
				CLANG_WARN_OBJC_LITERAL_CONVERSION = YES;
				CLANG_WARN_OBJC_ROOT_CLASS = YES_ERROR;
				CLANG_WARN_QUOTED_INCLUDE_IN_FRAMEWORK_HEADER = YES;
				CLANG_WARN_RANGE_LOOP_ANALYSIS = YES;
				CLANG_WARN_STRICT_PROTOTYPES = YES;
				CLANG_WARN_SUSPICIOUS_MOVE = YES;
				CLANG_WARN_UNGUARDED_AVAILABILITY = YES_AGGRESSIVE;
				CLANG_WARN_UNREACHABLE_CODE = YES;
				CLANG_WARN__DUPLICATE_METHOD_MATCH = YES;
				COPY_PHASE_STRIP = NO;
				DEBUG_INFORMATION_FORMAT = dwarf;
				ENABLE_STRICT_OBJC_MSGSEND = YES;
				ENABLE_TESTABILITY = YES;
				GCC_C_LANGUAGE_STANDARD = gnu11;
				GCC_DYNAMIC_NO_PIC = NO;
				GCC_NO_COMMON_BLOCKS = YES;
				GCC_OPTIMIZATION_LEVEL = 0;
				GCC_PREPROCESSOR_DEFINITIONS = (
					"DEBUG=1",
					"$(inherited)",
				);
				GCC_WARN_64_TO_32_BIT_CONVERSION = YES;
				GCC_WARN_ABOUT_RETURN_TYPE = YES_ERROR;
				GCC_WARN_UNDECLARED_SELECTOR = YES;
				GCC_WARN_UNINITIALIZED_AUTOS = YES_AGGRESSIVE;
				GCC_WARN_UNUSED_FUNCTION = YES;
				GCC_WARN_UNUSED_VARIABLE = YES;
				IPHONEOS_DEPLOYMENT_TARGET = 16.0;
				MTL_ENABLE_DEBUG_INFO = INCLUDE_SOURCE;
				MTL_FAST_MATH = YES;
				ONLY_ACTIVE_ARCH = YES;
				SDKROOT = iphoneos;
				SWIFT_ACTIVE_COMPILATION_CONDITIONS = DEBUG;
				SWIFT_OPTIMIZATION_LEVEL = "-Onone";
			};
			name = Debug;
		};
		B7302F122911CEBD0018272C /* Release */ = {
			isa = XCBuildConfiguration;
			buildSettings = {
				ALWAYS_SEARCH_USER_PATHS = NO;
				CLANG_ANALYZER_NONNULL = YES;
				CLANG_ANALYZER_NUMBER_OBJECT_CONVERSION = YES_AGGRESSIVE;
				CLANG_CXX_LANGUAGE_STANDARD = "gnu++20";
				CLANG_ENABLE_MODULES = YES;
				CLANG_ENABLE_OBJC_ARC = YES;
				CLANG_ENABLE_OBJC_WEAK = YES;
				CLANG_WARN_BLOCK_CAPTURE_AUTORELEASING = YES;
				CLANG_WARN_BOOL_CONVERSION = YES;
				CLANG_WARN_COMMA = YES;
				CLANG_WARN_CONSTANT_CONVERSION = YES;
				CLANG_WARN_DEPRECATED_OBJC_IMPLEMENTATIONS = YES;
				CLANG_WARN_DIRECT_OBJC_ISA_USAGE = YES_ERROR;
				CLANG_WARN_DOCUMENTATION_COMMENTS = YES;
				CLANG_WARN_EMPTY_BODY = YES;
				CLANG_WARN_ENUM_CONVERSION = YES;
				CLANG_WARN_INFINITE_RECURSION = YES;
				CLANG_WARN_INT_CONVERSION = YES;
				CLANG_WARN_NON_LITERAL_NULL_CONVERSION = YES;
				CLANG_WARN_OBJC_IMPLICIT_RETAIN_SELF = YES;
				CLANG_WARN_OBJC_LITERAL_CONVERSION = YES;
				CLANG_WARN_OBJC_ROOT_CLASS = YES_ERROR;
				CLANG_WARN_QUOTED_INCLUDE_IN_FRAMEWORK_HEADER = YES;
				CLANG_WARN_RANGE_LOOP_ANALYSIS = YES;
				CLANG_WARN_STRICT_PROTOTYPES = YES;
				CLANG_WARN_SUSPICIOUS_MOVE = YES;
				CLANG_WARN_UNGUARDED_AVAILABILITY = YES_AGGRESSIVE;
				CLANG_WARN_UNREACHABLE_CODE = YES;
				CLANG_WARN__DUPLICATE_METHOD_MATCH = YES;
				COPY_PHASE_STRIP = NO;
				DEBUG_INFORMATION_FORMAT = "dwarf-with-dsym";
				ENABLE_NS_ASSERTIONS = NO;
				ENABLE_STRICT_OBJC_MSGSEND = YES;
				GCC_C_LANGUAGE_STANDARD = gnu11;
				GCC_NO_COMMON_BLOCKS = YES;
				GCC_WARN_64_TO_32_BIT_CONVERSION = YES;
				GCC_WARN_ABOUT_RETURN_TYPE = YES_ERROR;
				GCC_WARN_UNDECLARED_SELECTOR = YES;
				GCC_WARN_UNINITIALIZED_AUTOS = YES_AGGRESSIVE;
				GCC_WARN_UNUSED_FUNCTION = YES;
				GCC_WARN_UNUSED_VARIABLE = YES;
				IPHONEOS_DEPLOYMENT_TARGET = 16.0;
				MTL_ENABLE_DEBUG_INFO = NO;
				MTL_FAST_MATH = YES;
				SDKROOT = iphoneos;
				SWIFT_COMPILATION_MODE = wholemodule;
				SWIFT_OPTIMIZATION_LEVEL = "-O";
				VALIDATE_PRODUCT = YES;
			};
			name = Release;
		};
		B7302F142911CEBD0018272C /* Debug */ = {
			isa = XCBuildConfiguration;
			baseConfigurationReference = B067CE6E966AE50BDCBF3ADB /* Pods-Thesis.debug.xcconfig */;
			buildSettings = {
				ASSETCATALOG_COMPILER_APPICON_NAME = AppIcon;
				ASSETCATALOG_COMPILER_GLOBAL_ACCENT_COLOR_NAME = AccentColor;
				CODE_SIGN_STYLE = Automatic;
				CURRENT_PROJECT_VERSION = 1;
				DEVELOPMENT_TEAM = 2V54FBNXT7;
				GENERATE_INFOPLIST_FILE = YES;
				INFOPLIST_FILE = Thesis/Info.plist;
				INFOPLIST_KEY_LSApplicationCategoryType = "public.app-category.education";
				INFOPLIST_KEY_NSCameraUsageDescription = "";
				INFOPLIST_KEY_UIApplicationSupportsIndirectInputEvents = YES;
				INFOPLIST_KEY_UILaunchStoryboardName = LaunchScreen;
				INFOPLIST_KEY_UIStatusBarStyle = UIStatusBarStyleDarkContent;
				INFOPLIST_KEY_UISupportedInterfaceOrientations = "UIInterfaceOrientationPortrait UIInterfaceOrientationPortraitUpsideDown";
				INFOPLIST_KEY_UISupportedInterfaceOrientations_iPad = UIInterfaceOrientationPortraitUpsideDown;
				IPHONEOS_DEPLOYMENT_TARGET = 15.0;
				LD_RUNPATH_SEARCH_PATHS = (
					"$(inherited)",
					"@executable_path/Frameworks",
				);
				MARKETING_VERSION = 1.0;
				PRODUCT_BUNDLE_IDENTIFIER = juhaszistvan.Thesis;
				PRODUCT_NAME = "$(TARGET_NAME)";
				SUPPORTED_PLATFORMS = "iphoneos iphonesimulator";
				SUPPORTS_MACCATALYST = NO;
				SUPPORTS_MAC_DESIGNED_FOR_IPHONE_IPAD = NO;
				SWIFT_EMIT_LOC_STRINGS = YES;
				SWIFT_VERSION = 5.0;
				TARGETED_DEVICE_FAMILY = "1,2";
			};
			name = Debug;
		};
		B7302F152911CEBD0018272C /* Release */ = {
			isa = XCBuildConfiguration;
			baseConfigurationReference = 3321F09ECA26FDE6D6B1AED5 /* Pods-Thesis.release.xcconfig */;
			buildSettings = {
				ASSETCATALOG_COMPILER_APPICON_NAME = AppIcon;
				ASSETCATALOG_COMPILER_GLOBAL_ACCENT_COLOR_NAME = AccentColor;
				CODE_SIGN_STYLE = Automatic;
				CURRENT_PROJECT_VERSION = 1;
				DEVELOPMENT_TEAM = 2V54FBNXT7;
				GENERATE_INFOPLIST_FILE = YES;
				INFOPLIST_FILE = Thesis/Info.plist;
				INFOPLIST_KEY_LSApplicationCategoryType = "public.app-category.education";
				INFOPLIST_KEY_NSCameraUsageDescription = "";
				INFOPLIST_KEY_UIApplicationSupportsIndirectInputEvents = YES;
				INFOPLIST_KEY_UILaunchStoryboardName = LaunchScreen;
				INFOPLIST_KEY_UIStatusBarStyle = UIStatusBarStyleDarkContent;
				INFOPLIST_KEY_UISupportedInterfaceOrientations = "UIInterfaceOrientationPortrait UIInterfaceOrientationPortraitUpsideDown";
				INFOPLIST_KEY_UISupportedInterfaceOrientations_iPad = UIInterfaceOrientationPortraitUpsideDown;
				IPHONEOS_DEPLOYMENT_TARGET = 15.0;
				LD_RUNPATH_SEARCH_PATHS = (
					"$(inherited)",
					"@executable_path/Frameworks",
				);
				MARKETING_VERSION = 1.0;
				PRODUCT_BUNDLE_IDENTIFIER = juhaszistvan.Thesis;
				PRODUCT_NAME = "$(TARGET_NAME)";
				SUPPORTED_PLATFORMS = "iphoneos iphonesimulator";
				SUPPORTS_MACCATALYST = NO;
				SUPPORTS_MAC_DESIGNED_FOR_IPHONE_IPAD = NO;
				SWIFT_EMIT_LOC_STRINGS = YES;
				SWIFT_VERSION = 5.0;
				TARGETED_DEVICE_FAMILY = "1,2";
			};
			name = Release;
		};
/* End XCBuildConfiguration section */

/* Begin XCConfigurationList section */
		B7302EFA2911CEBC0018272C /* Build configuration list for PBXProject "Thesis" */ = {
			isa = XCConfigurationList;
			buildConfigurations = (
				B7302F112911CEBD0018272C /* Debug */,
				B7302F122911CEBD0018272C /* Release */,
			);
			defaultConfigurationIsVisible = 0;
			defaultConfigurationName = Release;
		};
		B7302F132911CEBD0018272C /* Build configuration list for PBXNativeTarget "Thesis" */ = {
			isa = XCConfigurationList;
			buildConfigurations = (
				B7302F142911CEBD0018272C /* Debug */,
				B7302F152911CEBD0018272C /* Release */,
			);
			defaultConfigurationIsVisible = 0;
			defaultConfigurationName = Release;
		};
/* End XCConfigurationList section */

/* Begin XCRemoteSwiftPackageReference section */
		B7136B692911D4FB00C6D54E /* XCRemoteSwiftPackageReference "FocusEntity" */ = {
			isa = XCRemoteSwiftPackageReference;
			repositoryURL = "https://github.com/maxxfrazer/FocusEntity";
			requirement = {
				branch = main;
				kind = branch;
			};
		};
		B7136B6C2911D52A00C6D54E /* XCRemoteSwiftPackageReference "LoremSwiftum" */ = {
			isa = XCRemoteSwiftPackageReference;
			repositoryURL = "https://github.com/lukaskubanek/LoremSwiftum.git";
			requirement = {
				branch = master;
				kind = branch;
			};
		};
		B7AACAD12924711C008A850B /* XCRemoteSwiftPackageReference "JGProgressHUD" */ = {
			isa = XCRemoteSwiftPackageReference;
			repositoryURL = "https://github.com/JonasGessner/JGProgressHUD.git";
			requirement = {
				kind = upToNextMajorVersion;
				minimumVersion = 2.0.0;
			};
		};
/* End XCRemoteSwiftPackageReference section */

/* Begin XCSwiftPackageProductDependency section */
		B7136B6A2911D4FB00C6D54E /* FocusEntity */ = {
			isa = XCSwiftPackageProductDependency;
			package = B7136B692911D4FB00C6D54E /* XCRemoteSwiftPackageReference "FocusEntity" */;
			productName = FocusEntity;
		};
/* End XCSwiftPackageProductDependency section */
	};
	rootObject = B7302EF72911CEBC0018272C /* Project object */;
}
